
Microsoft Visual Studio Solution File, Format Version 12.00
# Visual Studio Version 16
VisualStudioVersion = 16.0.30114.105
MinimumVisualStudioVersion = 10.0.40219.1
Project("{FAE04EC0-301F-11D3-BF4B-00C04F79EFBC}") = "microserviceA", "microserviceA\microserviceA.csproj", "{769376A9-2699-4171-A019-B529B19CFCD3}"
EndProject
Project("{FAE04EC0-301F-11D3-BF4B-00C04F79EFBC}") = "microserviceB", "microserviceB\microserviceB.csproj", "{FE26CDAC-8B4B-4C21-A9F7-B1F9AA69826D}"
EndProject
Global
	GlobalSection(SolutionConfigurationPlatforms) = preSolution
		Debug|Any CPU = Debug|Any CPU
		Debug|x64 = Debug|x64
		Debug|x86 = Debug|x86
		Release|Any CPU = Release|Any CPU
		Release|x64 = Release|x64
		Release|x86 = Release|x86
	EndGlobalSection
	GlobalSection(SolutionProperties) = preSolution
		HideSolutionNode = FALSE
	EndGlobalSection
	GlobalSection(ProjectConfigurationPlatforms) = postSolution
		{769376A9-2699-4171-A019-B529B19CFCD3}.Debug|Any CPU.ActiveCfg = Debug|Any CPU
		{769376A9-2699-4171-A019-B529B19CFCD3}.Debug|Any CPU.Build.0 = Debug|Any CPU
		{769376A9-2699-4171-A019-B529B19CFCD3}.Debug|x64.ActiveCfg = Debug|Any CPU
		{769376A9-2699-4171-A019-B529B19CFCD3}.Debug|x64.Build.0 = Debug|Any CPU
		{769376A9-2699-4171-A019-B529B19CFCD3}.Debug|x86.ActiveCfg = Debug|Any CPU
		{769376A9-2699-4171-A019-B529B19CFCD3}.Debug|x86.Build.0 = Debug|Any CPU
		{769376A9-2699-4171-A019-B529B19CFCD3}.Release|Any CPU.ActiveCfg = Release|Any CPU
		{769376A9-2699-4171-A019-B529B19CFCD3}.Release|Any CPU.Build.0 = Release|Any CPU
		{769376A9-2699-4171-A019-B529B19CFCD3}.Release|x64.ActiveCfg = Release|Any CPU
		{769376A9-2699-4171-A019-B529B19CFCD3}.Release|x64.Build.0 = Release|Any CPU
		{769376A9-2699-4171-A019-B529B19CFCD3}.Release|x86.ActiveCfg = Release|Any CPU
		{769376A9-2699-4171-A019-B529B19CFCD3}.Release|x86.Build.0 = Release|Any CPU
		{FE26CDAC-8B4B-4C21-A9F7-B1F9AA69826D}.Debug|Any CPU.ActiveCfg = Debug|Any CPU
		{FE26CDAC-8B4B-4C21-A9F7-B1F9AA69826D}.Debug|Any CPU.Build.0 = Debug|Any CPU
		{FE26CDAC-8B4B-4C21-A9F7-B1F9AA69826D}.Debug|x64.ActiveCfg = Debug|Any CPU
		{FE26CDAC-8B4B-4C21-A9F7-B1F9AA69826D}.Debug|x64.Build.0 = Debug|Any CPU
		{FE26CDAC-8B4B-4C21-A9F7-B1F9AA69826D}.Debug|x86.ActiveCfg = Debug|Any CPU
		{FE26CDAC-8B4B-4C21-A9F7-B1F9AA69826D}.Debug|x86.Build.0 = Debug|Any CPU
		{FE26CDAC-8B4B-4C21-A9F7-B1F9AA69826D}.Release|Any CPU.ActiveCfg = Release|Any CPU
		{FE26CDAC-8B4B-4C21-A9F7-B1F9AA69826D}.Release|Any CPU.Build.0 = Release|Any CPU
		{FE26CDAC-8B4B-4C21-A9F7-B1F9AA69826D}.Release|x64.ActiveCfg = Release|Any CPU
		{FE26CDAC-8B4B-4C21-A9F7-B1F9AA69826D}.Release|x64.Build.0 = Release|Any CPU
		{FE26CDAC-8B4B-4C21-A9F7-B1F9AA69826D}.Release|x86.ActiveCfg = Release|Any CPU
		{FE26CDAC-8B4B-4C21-A9F7-B1F9AA69826D}.Release|x86.Build.0 = Release|Any CPU
	EndGlobalSection
EndGlobal
